
Microsoft Visual Studio Solution File, Format Version 12.00
# Visual Studio Version 16
VisualStudioVersion = 16.0.31025.194
MinimumVisualStudioVersion = 10.0.40219.1
Project("{888888A0-9F3D-457C-B088-3A5042F75D52}") = "Figures(1.10.1)", "Figures(1.10.1).pyproj", "{FCED1683-5421-42FD-A0EC-EACA9CEE08DF}"
EndProject
Global
	GlobalSection(SolutionConfigurationPlatforms) = preSolution
		Debug|Any CPU = Debug|Any CPU
		Release|Any CPU = Release|Any CPU
	EndGlobalSection
	GlobalSection(ProjectConfigurationPlatforms) = postSolution
		{FCED1683-5421-42FD-A0EC-EACA9CEE08DF}.Debug|Any CPU.ActiveCfg = Debug|Any CPU
		{FCED1683-5421-42FD-A0EC-EACA9CEE08DF}.Release|Any CPU.ActiveCfg = Release|Any CPU
	EndGlobalSection
	GlobalSection(SolutionProperties) = preSolution
		HideSolutionNode = FALSE
	EndGlobalSection
	GlobalSection(ExtensibilityGlobals) = postSolution
		SolutionGuid = {BD1E26C8-5F0F-4BBA-B73E-DC32FDF73166}
	EndGlobalSection
EndGlobal
