
Microsoft Visual Studio Solution File, Format Version 12.00
# Visual Studio Version 16
VisualStudioVersion = 16.0.31410.357
MinimumVisualStudioVersion = 10.0.40219.1
Project("{888888A0-9F3D-457C-B088-3A5042F75D52}") = "MyMoneyBot", "MyMoneyBot.pyproj", "{AEBF1198-91D5-4652-8398-17428E9CFF91}"
EndProject
Global
	GlobalSection(SolutionConfigurationPlatforms) = preSolution
		Debug|Any CPU = Debug|Any CPU
		Release|Any CPU = Release|Any CPU
	EndGlobalSection
	GlobalSection(ProjectConfigurationPlatforms) = postSolution
		{AEBF1198-91D5-4652-8398-17428E9CFF91}.Debug|Any CPU.ActiveCfg = Debug|Any CPU
		{AEBF1198-91D5-4652-8398-17428E9CFF91}.Release|Any CPU.ActiveCfg = Release|Any CPU
	EndGlobalSection
	GlobalSection(SolutionProperties) = preSolution
		HideSolutionNode = FALSE
	EndGlobalSection
	GlobalSection(ExtensibilityGlobals) = postSolution
		SolutionGuid = {7DA782D5-61BB-4CD3-AF70-243975B85D7F}
	EndGlobalSection
EndGlobal
